
Microsoft Visual Studio Solution File, Format Version 12.00
# Visual Studio Version 16
VisualStudioVersion = 16.0.29806.167
MinimumVisualStudioVersion = 10.0.40219.1
Project("{FAE04EC0-301F-11D3-BF4B-00C04F79EFBC}") = "Fractals", "Fractals.csproj", "{B0F52FEA-4FE2-4331-A878-039B16A61D4D}"
EndProject
Global
	GlobalSection(SolutionConfigurationPlatforms) = preSolution
		Debug|Any CPU = Debug|Any CPU
		Release|Any CPU = Release|Any CPU
	EndGlobalSection
	GlobalSection(ProjectConfigurationPlatforms) = postSolution
		{B0F52FEA-4FE2-4331-A878-039B16A61D4D}.Debug|Any CPU.ActiveCfg = Debug|Any CPU
		{B0F52FEA-4FE2-4331-A878-039B16A61D4D}.Debug|Any CPU.Build.0 = Debug|Any CPU
		{B0F52FEA-4FE2-4331-A878-039B16A61D4D}.Release|Any CPU.ActiveCfg = Release|Any CPU
		{B0F52FEA-4FE2-4331-A878-039B16A61D4D}.Release|Any CPU.Build.0 = Release|Any CPU
	EndGlobalSection
	GlobalSection(SolutionProperties) = preSolution
		HideSolutionNode = FALSE
	EndGlobalSection
	GlobalSection(ExtensibilityGlobals) = postSolution
		SolutionGuid = {56951CCD-3BD4-4A7F-9249-E16F22524F3F}
	EndGlobalSection
EndGlobal
